
Microsoft Visual Studio Solution File, Format Version 12.00
# Visual Studio Version 16
VisualStudioVersion = 16.0.30225.117
MinimumVisualStudioVersion = 10.0.40219.1
Project("{FAE04EC0-301F-11D3-BF4B-00C04F79EFBC}") = "DeweyDecimal_18007979", "DeweyDecimal_18007979\DeweyDecimal_18007979.csproj", "{35DF5902-16A3-48F9-AB04-70C1F120AC43}"
EndProject
Global
	GlobalSection(SolutionConfigurationPlatforms) = preSolution
		Debug|Any CPU = Debug|Any CPU
		Release|Any CPU = Release|Any CPU
	EndGlobalSection
	GlobalSection(ProjectConfigurationPlatforms) = postSolution
		{35DF5902-16A3-48F9-AB04-70C1F120AC43}.Debug|Any CPU.ActiveCfg = Debug|Any CPU
		{35DF5902-16A3-48F9-AB04-70C1F120AC43}.Debug|Any CPU.Build.0 = Debug|Any CPU
		{35DF5902-16A3-48F9-AB04-70C1F120AC43}.Release|Any CPU.ActiveCfg = Release|Any CPU
		{35DF5902-16A3-48F9-AB04-70C1F120AC43}.Release|Any CPU.Build.0 = Release|Any CPU
	EndGlobalSection
	GlobalSection(SolutionProperties) = preSolution
		HideSolutionNode = FALSE
	EndGlobalSection
	GlobalSection(ExtensibilityGlobals) = postSolution
		SolutionGuid = {652A968B-270F-4F34-8782-6D31F4DD038C}
	EndGlobalSection
EndGlobal
